
Microsoft Visual Studio Solution File, Format Version 12.00
# Visual Studio 2013
VisualStudioVersion = 12.0.31101.0
MinimumVisualStudioVersion = 10.0.40219.1
Project("{FAE04EC0-301F-11D3-BF4B-00C04F79EFBC}") = "Application.Data", "Application.Data\Application.Data.csproj", "{161B3FEB-87EA-484C-BF15-2A2862FE2D41}"
EndProject
Project("{FAE04EC0-301F-11D3-BF4B-00C04F79EFBC}") = "Application.Models", "Application.Models\Application.Models.csproj", "{8B0DFD42-7026-4D62-87F2-1B68CFD37270}"
EndProject
Project("{FAE04EC0-301F-11D3-BF4B-00C04F79EFBC}") = "Application.Web", "Application.Web\Application.Web.csproj", "{8412664B-7968-455B-81F3-A9E2DEB315B8}"
EndProject
Global
	GlobalSection(SolutionConfigurationPlatforms) = preSolution
		Debug|Any CPU = Debug|Any CPU
		Release|Any CPU = Release|Any CPU
	EndGlobalSection
	GlobalSection(ProjectConfigurationPlatforms) = postSolution
		{161B3FEB-87EA-484C-BF15-2A2862FE2D41}.Debug|Any CPU.ActiveCfg = Debug|Any CPU
		{161B3FEB-87EA-484C-BF15-2A2862FE2D41}.Debug|Any CPU.Build.0 = Debug|Any CPU
		{161B3FEB-87EA-484C-BF15-2A2862FE2D41}.Release|Any CPU.ActiveCfg = Release|Any CPU
		{161B3FEB-87EA-484C-BF15-2A2862FE2D41}.Release|Any CPU.Build.0 = Release|Any CPU
		{8B0DFD42-7026-4D62-87F2-1B68CFD37270}.Debug|Any CPU.ActiveCfg = Debug|Any CPU
		{8B0DFD42-7026-4D62-87F2-1B68CFD37270}.Debug|Any CPU.Build.0 = Debug|Any CPU
		{8B0DFD42-7026-4D62-87F2-1B68CFD37270}.Release|Any CPU.ActiveCfg = Release|Any CPU
		{8B0DFD42-7026-4D62-87F2-1B68CFD37270}.Release|Any CPU.Build.0 = Release|Any CPU
		{8412664B-7968-455B-81F3-A9E2DEB315B8}.Debug|Any CPU.ActiveCfg = Debug|Any CPU
		{8412664B-7968-455B-81F3-A9E2DEB315B8}.Debug|Any CPU.Build.0 = Debug|Any CPU
		{8412664B-7968-455B-81F3-A9E2DEB315B8}.Release|Any CPU.ActiveCfg = Release|Any CPU
		{8412664B-7968-455B-81F3-A9E2DEB315B8}.Release|Any CPU.Build.0 = Release|Any CPU
	EndGlobalSection
	GlobalSection(SolutionProperties) = preSolution
		HideSolutionNode = FALSE
	EndGlobalSection
EndGlobal
